{
  "name": "unique69",
  "version": "1.0.0",
  "lockfileVersion": 3,
  "requires": true,
  "packages": {
    "": {
      "name": "unique69",
      "version": "1.0.0",
      "license": "ISC",
      "dependencies": {
        "unique69": "^1.0.0"
      }
    },
    "node_modules/unique69": {
      "version": "1.0.0",
      "resolved": "https://registry.npmjs.org/unique69/-/unique69-1.0.0.tgz",
      "integrity": "sha512-rKa0GuQVDw8MQDTkG/KaXp8JTX1CXfv6phf/eAn2Sf6A2ApAom5AZhxZ5M+VclXHMo3K4izxKqU/KOoZtTvB3w==",
      "license": "ISC"
    }
  }
}
